// !$*UTF8*$!
{
	archiveVersion = 1;
	classes = {
	};
	objectVersion = 56;
	objects = {

/* Begin PBXBuildFile section */
		8813C52B2A2677860009F5A7 /* ToDoListApp.swift in Sources */ = {isa = PBXBuildFile; fileRef = 8813C52A2A2677860009F5A7 /* ToDoListApp.swift */; };
		8813C52D2A2677860009F5A7 /* MainView.swift in Sources */ = {isa = PBXBuildFile; fileRef = 8813C52C2A2677860009F5A7 /* MainView.swift */; };
		8813C52F2A2677880009F5A7 /* Assets.xcassets in Resources */ = {isa = PBXBuildFile; fileRef = 8813C52E2A2677880009F5A7 /* Assets.xcassets */; };
		8813C5322A2677880009F5A7 /* Preview Assets.xcassets in Resources */ = {isa = PBXBuildFile; fileRef = 8813C5312A2677880009F5A7 /* Preview Assets.xcassets */; };
		8813C53A2A267AF50009F5A7 /* FirebaseAuth in Frameworks */ = {isa = PBXBuildFile; productRef = 8813C5392A267AF50009F5A7 /* FirebaseAuth */; };
		8813C53C2A267AF50009F5A7 /* FirebaseFirestore in Frameworks */ = {isa = PBXBuildFile; productRef = 8813C53B2A267AF50009F5A7 /* FirebaseFirestore */; };
		8813C53E2A267AF50009F5A7 /* FirebaseFirestoreSwift in Frameworks */ = {isa = PBXBuildFile; productRef = 8813C53D2A267AF50009F5A7 /* FirebaseFirestoreSwift */; };
		8813C5402A267E1C0009F5A7 /* GoogleService-Info.plist in Resources */ = {isa = PBXBuildFile; fileRef = 8813C53F2A267E1B0009F5A7 /* GoogleService-Info.plist */; };
		8813C5462A2692660009F5A7 /* ProfileView.swift in Sources */ = {isa = PBXBuildFile; fileRef = 8813C5452A2692660009F5A7 /* ProfileView.swift */; };
		8813C5482A2698630009F5A7 /* ToDoListView.swift in Sources */ = {isa = PBXBuildFile; fileRef = 8813C5472A2698630009F5A7 /* ToDoListView.swift */; };
		8813C54A2A2699190009F5A7 /* NewItemView.swift in Sources */ = {isa = PBXBuildFile; fileRef = 8813C5492A2699190009F5A7 /* NewItemView.swift */; };
		8813C54C2A2699280009F5A7 /* LoginView.swift in Sources */ = {isa = PBXBuildFile; fileRef = 8813C54B2A2699280009F5A7 /* LoginView.swift */; };
		8813C54E2A2699460009F5A7 /* RegisterView.swift in Sources */ = {isa = PBXBuildFile; fileRef = 8813C54D2A2699450009F5A7 /* RegisterView.swift */; };
		8813C5502A269B7A0009F5A7 /* ToDoListemView.swift in Sources */ = {isa = PBXBuildFile; fileRef = 8813C54F2A269B7A0009F5A7 /* ToDoListemView.swift */; };
		8813C5522A269F340009F5A7 /* User.swift in Sources */ = {isa = PBXBuildFile; fileRef = 8813C5512A269F340009F5A7 /* User.swift */; };
		8813C5542A269F5A0009F5A7 /* ToDoListemItem.swift in Sources */ = {isa = PBXBuildFile; fileRef = 8813C5532A269F5A0009F5A7 /* ToDoListemItem.swift */; };
		8813C5562A26A06C0009F5A7 /* MainViewViewModel.swift in Sources */ = {isa = PBXBuildFile; fileRef = 8813C5552A26A06C0009F5A7 /* MainViewViewModel.swift */; };
		8813C5582A26A08D0009F5A7 /* ProfileViewViewModel.swift in Sources */ = {isa = PBXBuildFile; fileRef = 8813C5572A26A08D0009F5A7 /* ProfileViewViewModel.swift */; };
		8813C55A2A26A0C10009F5A7 /* ToDoListViewViewModel.swift in Sources */ = {isa = PBXBuildFile; fileRef = 8813C5592A26A0C10009F5A7 /* ToDoListViewViewModel.swift */; };
		8813C55C2A26A0D50009F5A7 /* NewItemViewViewModel.swift in Sources */ = {isa = PBXBuildFile; fileRef = 8813C55B2A26A0D50009F5A7 /* NewItemViewViewModel.swift */; };
		8813C55E2A26A1C70009F5A7 /* LoginViewViewModel.swift in Sources */ = {isa = PBXBuildFile; fileRef = 8813C55D2A26A1C70009F5A7 /* LoginViewViewModel.swift */; };
		8813C5602A26A1D70009F5A7 /* RegisterViewViewModel.swift in Sources */ = {isa = PBXBuildFile; fileRef = 8813C55F2A26A1D70009F5A7 /* RegisterViewViewModel.swift */; };
		8813C5622A26A1ED0009F5A7 /* ToDoListemItemViewViewModel.swift in Sources */ = {isa = PBXBuildFile; fileRef = 8813C5612A26A1ED0009F5A7 /* ToDoListemItemViewViewModel.swift */; };
		881722042A2834E500614276 /* TLButton.swift in Sources */ = {isa = PBXBuildFile; fileRef = 881722032A2834E500614276 /* TLButton.swift */; };
		88A7339D2A27CB1600CD194E /* HeaderView.swift in Sources */ = {isa = PBXBuildFile; fileRef = 88A7339C2A27CB1600CD194E /* HeaderView.swift */; };
/* End PBXBuildFile section */

/* Begin PBXFileReference section */
		8813C5272A2677860009F5A7 /* ToDoList.app */ = {isa = PBXFileReference; explicitFileType = wrapper.application; includeInIndex = 0; path = ToDoList.app; sourceTree = BUILT_PRODUCTS_DIR; };
		8813C52A2A2677860009F5A7 /* ToDoListApp.swift */ = {isa = PBXFileReference; lastKnownFileType = sourcecode.swift; path = ToDoListApp.swift; sourceTree = "<group>"; };
		8813C52C2A2677860009F5A7 /* MainView.swift */ = {isa = PBXFileReference; lastKnownFileType = sourcecode.swift; path = MainView.swift; sourceTree = "<group>"; };
		8813C52E2A2677880009F5A7 /* Assets.xcassets */ = {isa = PBXFileReference; lastKnownFileType = folder.assetcatalog; path = Assets.xcassets; sourceTree = "<group>"; };
		8813C5312A2677880009F5A7 /* Preview Assets.xcassets */ = {isa = PBXFileReference; lastKnownFileType = folder.assetcatalog; path = "Preview Assets.xcassets"; sourceTree = "<group>"; };
		8813C53F2A267E1B0009F5A7 /* GoogleService-Info.plist */ = {isa = PBXFileReference; fileEncoding = 4; lastKnownFileType = text.plist.xml; path = "GoogleService-Info.plist"; sourceTree = "<group>"; };
		8813C5452A2692660009F5A7 /* ProfileView.swift */ = {isa = PBXFileReference; lastKnownFileType = sourcecode.swift; path = ProfileView.swift; sourceTree = "<group>"; };
		8813C5472A2698630009F5A7 /* ToDoListView.swift */ = {isa = PBXFileReference; lastKnownFileType = sourcecode.swift; path = ToDoListView.swift; sourceTree = "<group>"; };
		8813C5492A2699190009F5A7 /* NewItemView.swift */ = {isa = PBXFileReference; lastKnownFileType = sourcecode.swift; path = NewItemView.swift; sourceTree = "<group>"; };
		8813C54B2A2699280009F5A7 /* LoginView.swift */ = {isa = PBXFileReference; lastKnownFileType = sourcecode.swift; path = LoginView.swift; sourceTree = "<group>"; };
		8813C54D2A2699450009F5A7 /* RegisterView.swift */ = {isa = PBXFileReference; lastKnownFileType = sourcecode.swift; path = RegisterView.swift; sourceTree = "<group>"; };
		8813C54F2A269B7A0009F5A7 /* ToDoListemView.swift */ = {isa = PBXFileReference; lastKnownFileType = sourcecode.swift; path = ToDoListemView.swift; sourceTree = "<group>"; };
		8813C5512A269F340009F5A7 /* User.swift */ = {isa = PBXFileReference; lastKnownFileType = sourcecode.swift; path = User.swift; sourceTree = "<group>"; };
		8813C5532A269F5A0009F5A7 /* ToDoListemItem.swift */ = {isa = PBXFileReference; lastKnownFileType = sourcecode.swift; path = ToDoListemItem.swift; sourceTree = "<group>"; };
		8813C5552A26A06C0009F5A7 /* MainViewViewModel.swift */ = {isa = PBXFileReference; lastKnownFileType = sourcecode.swift; path = MainViewViewModel.swift; sourceTree = "<group>"; };
		8813C5572A26A08D0009F5A7 /* ProfileViewViewModel.swift */ = {isa = PBXFileReference; lastKnownFileType = sourcecode.swift; path = ProfileViewViewModel.swift; sourceTree = "<group>"; };
		8813C5592A26A0C10009F5A7 /* ToDoListViewViewModel.swift */ = {isa = PBXFileReference; lastKnownFileType = sourcecode.swift; path = ToDoListViewViewModel.swift; sourceTree = "<group>"; };
		8813C55B2A26A0D50009F5A7 /* NewItemViewViewModel.swift */ = {isa = PBXFileReference; lastKnownFileType = sourcecode.swift; path = NewItemViewViewModel.swift; sourceTree = "<group>"; };
		8813C55D2A26A1C70009F5A7 /* LoginViewViewModel.swift */ = {isa = PBXFileReference; lastKnownFileType = sourcecode.swift; path = LoginViewViewModel.swift; sourceTree = "<group>"; };
		8813C55F2A26A1D70009F5A7 /* RegisterViewViewModel.swift */ = {isa = PBXFileReference; lastKnownFileType = sourcecode.swift; path = RegisterViewViewModel.swift; sourceTree = "<group>"; };
		8813C5612A26A1ED0009F5A7 /* ToDoListemItemViewViewModel.swift */ = {isa = PBXFileReference; lastKnownFileType = sourcecode.swift; path = ToDoListemItemViewViewModel.swift; sourceTree = "<group>"; };
		881722032A2834E500614276 /* TLButton.swift */ = {isa = PBXFileReference; lastKnownFileType = sourcecode.swift; path = TLButton.swift; sourceTree = "<group>"; };
		88A7339C2A27CB1600CD194E /* HeaderView.swift */ = {isa = PBXFileReference; lastKnownFileType = sourcecode.swift; path = HeaderView.swift; sourceTree = "<group>"; };
/* End PBXFileReference section */

/* Begin PBXFrameworksBuildPhase section */
		8813C5242A2677860009F5A7 /* Frameworks */ = {
			isa = PBXFrameworksBuildPhase;
			buildActionMask = 2147483647;
			files = (
				8813C53A2A267AF50009F5A7 /* FirebaseAuth in Frameworks */,
				8813C53C2A267AF50009F5A7 /* FirebaseFirestore in Frameworks */,
				8813C53E2A267AF50009F5A7 /* FirebaseFirestoreSwift in Frameworks */,
			);
			runOnlyForDeploymentPostprocessing = 0;
		};
/* End PBXFrameworksBuildPhase section */

/* Begin PBXGroup section */
		8813C51E2A2677860009F5A7 = {
			isa = PBXGroup;
			children = (
				8813C5292A2677860009F5A7 /* ToDoList */,
				8813C5282A2677860009F5A7 /* Products */,
			);
			sourceTree = "<group>";
		};
		8813C5282A2677860009F5A7 /* Products */ = {
			isa = PBXGroup;
			children = (
				8813C5272A2677860009F5A7 /* ToDoList.app */,
			);
			name = Products;
			sourceTree = "<group>";
		};
		8813C5292A2677860009F5A7 /* ToDoList */ = {
			isa = PBXGroup;
			children = (
				8813C5442A26870E0009F5A7 /* Other */,
				8813C5432A2686470009F5A7 /* Models */,
				8813C5422A2686110009F5A7 /* ViewModels */,
				8813C5412A2685DE0009F5A7 /* Views */,
				8813C5302A2677880009F5A7 /* Preview Content */,
			);
			path = ToDoList;
			sourceTree = "<group>";
		};
		8813C5302A2677880009F5A7 /* Preview Content */ = {
			isa = PBXGroup;
			children = (
				8813C5312A2677880009F5A7 /* Preview Assets.xcassets */,
			);
			path = "Preview Content";
			sourceTree = "<group>";
		};
		8813C5412A2685DE0009F5A7 /* Views */ = {
			isa = PBXGroup;
			children = (
				8813C52C2A2677860009F5A7 /* MainView.swift */,
				8813C5452A2692660009F5A7 /* ProfileView.swift */,
				8813C5472A2698630009F5A7 /* ToDoListView.swift */,
				8813C5492A2699190009F5A7 /* NewItemView.swift */,
				8813C54B2A2699280009F5A7 /* LoginView.swift */,
				8813C54D2A2699450009F5A7 /* RegisterView.swift */,
				8813C54F2A269B7A0009F5A7 /* ToDoListemView.swift */,
				88A7339C2A27CB1600CD194E /* HeaderView.swift */,
				881722032A2834E500614276 /* TLButton.swift */,
			);
			path = Views;
			sourceTree = "<group>";
		};
		8813C5422A2686110009F5A7 /* ViewModels */ = {
			isa = PBXGroup;
			children = (
				8813C5552A26A06C0009F5A7 /* MainViewViewModel.swift */,
				8813C5572A26A08D0009F5A7 /* ProfileViewViewModel.swift */,
				8813C5592A26A0C10009F5A7 /* ToDoListViewViewModel.swift */,
				8813C55B2A26A0D50009F5A7 /* NewItemViewViewModel.swift */,
				8813C55D2A26A1C70009F5A7 /* LoginViewViewModel.swift */,
				8813C55F2A26A1D70009F5A7 /* RegisterViewViewModel.swift */,
				8813C5612A26A1ED0009F5A7 /* ToDoListemItemViewViewModel.swift */,
			);
			path = ViewModels;
			sourceTree = "<group>";
		};
		8813C5432A2686470009F5A7 /* Models */ = {
			isa = PBXGroup;
			children = (
				8813C5512A269F340009F5A7 /* User.swift */,
				8813C5532A269F5A0009F5A7 /* ToDoListemItem.swift */,
			);
			path = Models;
			sourceTree = "<group>";
		};
		8813C5442A26870E0009F5A7 /* Other */ = {
			isa = PBXGroup;
			children = (
				8813C52E2A2677880009F5A7 /* Assets.xcassets */,
				8813C53F2A267E1B0009F5A7 /* GoogleService-Info.plist */,
				8813C52A2A2677860009F5A7 /* ToDoListApp.swift */,
			);
			path = Other;
			sourceTree = "<group>";
		};
/* End PBXGroup section */

/* Begin PBXNativeTarget section */
		8813C5262A2677860009F5A7 /* ToDoList */ = {
			isa = PBXNativeTarget;
			buildConfigurationList = 8813C5352A2677880009F5A7 /* Build configuration list for PBXNativeTarget "ToDoList" */;
			buildPhases = (
				8813C5232A2677860009F5A7 /* Sources */,
				8813C5242A2677860009F5A7 /* Frameworks */,
				8813C5252A2677860009F5A7 /* Resources */,
			);
			buildRules = (
			);
			dependencies = (
			);
			name = ToDoList;
			packageProductDependencies = (
				8813C5392A267AF50009F5A7 /* FirebaseAuth */,
				8813C53B2A267AF50009F5A7 /* FirebaseFirestore */,
				8813C53D2A267AF50009F5A7 /* FirebaseFirestoreSwift */,
			);
			productName = ToDoList;
			productReference = 8813C5272A2677860009F5A7 /* ToDoList.app */;
			productType = "com.apple.product-type.application";
		};
/* End PBXNativeTarget section */

/* Begin PBXProject section */
		8813C51F2A2677860009F5A7 /* Project object */ = {
			isa = PBXProject;
			attributes = {
				BuildIndependentTargetsInParallel = 1;
				LastSwiftUpdateCheck = 1430;
				LastUpgradeCheck = 1430;
				TargetAttributes = {
					8813C5262A2677860009F5A7 = {
						CreatedOnToolsVersion = 14.3;
					};
				};
			};
			buildConfigurationList = 8813C5222A2677860009F5A7 /* Build configuration list for PBXProject "ToDoList" */;
			compatibilityVersion = "Xcode 14.0";
			developmentRegion = en;
			hasScannedForEncodings = 0;
			knownRegions = (
				en,
				Base,
			);
			mainGroup = 8813C51E2A2677860009F5A7;
			packageReferences = (
				8813C5382A267AF40009F5A7 /* XCRemoteSwiftPackageReference "firebase-ios-sdk" */,
			);
			productRefGroup = 8813C5282A2677860009F5A7 /* Products */;
			projectDirPath = "";
			projectRoot = "";
			targets = (
				8813C5262A2677860009F5A7 /* ToDoList */,
			);
		};
/* End PBXProject section */

/* Begin PBXResourcesBuildPhase section */
		8813C5252A2677860009F5A7 /* Resources */ = {
			isa = PBXResourcesBuildPhase;
			buildActionMask = 2147483647;
			files = (
				8813C5322A2677880009F5A7 /* Preview Assets.xcassets in Resources */,
				8813C52F2A2677880009F5A7 /* Assets.xcassets in Resources */,
				8813C5402A267E1C0009F5A7 /* GoogleService-Info.plist in Resources */,
			);
			runOnlyForDeploymentPostprocessing = 0;
		};
/* End PBXResourcesBuildPhase section */

/* Begin PBXSourcesBuildPhase section */
		8813C5232A2677860009F5A7 /* Sources */ = {
			isa = PBXSourcesBuildPhase;
			buildActionMask = 2147483647;
			files = (
				8813C5542A269F5A0009F5A7 /* ToDoListemItem.swift in Sources */,
				88A7339D2A27CB1600CD194E /* HeaderView.swift in Sources */,
				8813C54C2A2699280009F5A7 /* LoginView.swift in Sources */,
				8813C5602A26A1D70009F5A7 /* RegisterViewViewModel.swift in Sources */,
				8813C5562A26A06C0009F5A7 /* MainViewViewModel.swift in Sources */,
				8813C52D2A2677860009F5A7 /* MainView.swift in Sources */,
				8813C5482A2698630009F5A7 /* ToDoListView.swift in Sources */,
				881722042A2834E500614276 /* TLButton.swift in Sources */,
				8813C5582A26A08D0009F5A7 /* ProfileViewViewModel.swift in Sources */,
				8813C54E2A2699460009F5A7 /* RegisterView.swift in Sources */,
				8813C5462A2692660009F5A7 /* ProfileView.swift in Sources */,
				8813C5522A269F340009F5A7 /* User.swift in Sources */,
				8813C55A2A26A0C10009F5A7 /* ToDoListViewViewModel.swift in Sources */,
				8813C5622A26A1ED0009F5A7 /* ToDoListemItemViewViewModel.swift in Sources */,
				8813C55E2A26A1C70009F5A7 /* LoginViewViewModel.swift in Sources */,
				8813C52B2A2677860009F5A7 /* ToDoListApp.swift in Sources */,
				8813C5502A269B7A0009F5A7 /* ToDoListemView.swift in Sources */,
				8813C54A2A2699190009F5A7 /* NewItemView.swift in Sources */,
				8813C55C2A26A0D50009F5A7 /* NewItemViewViewModel.swift in Sources */,
			);
			runOnlyForDeploymentPostprocessing = 0;
		};
/* End PBXSourcesBuildPhase section */

/* Begin XCBuildConfiguration section */
		8813C5332A2677880009F5A7 /* Debug */ = {
			isa = XCBuildConfiguration;
			buildSettings = {
				ALWAYS_SEARCH_USER_PATHS = NO;
				CLANG_ANALYZER_NONNULL = YES;
				CLANG_ANALYZER_NUMBER_OBJECT_CONVERSION = YES_AGGRESSIVE;
				CLANG_CXX_LANGUAGE_STANDARD = "gnu++20";
				CLANG_ENABLE_MODULES = YES;
				CLANG_ENABLE_OBJC_ARC = YES;
				CLANG_ENABLE_OBJC_WEAK = YES;
				CLANG_WARN_BLOCK_CAPTURE_AUTORELEASING = YES;
				CLANG_WARN_BOOL_CONVERSION = YES;
				CLANG_WARN_COMMA = YES;
				CLANG_WARN_CONSTANT_CONVERSION = YES;
				CLANG_WARN_DEPRECATED_OBJC_IMPLEMENTATIONS = YES;
				CLANG_WARN_DIRECT_OBJC_ISA_USAGE = YES_ERROR;
				CLANG_WARN_DOCUMENTATION_COMMENTS = YES;
				CLANG_WARN_EMPTY_BODY = YES;
				CLANG_WARN_ENUM_CONVERSION = YES;
				CLANG_WARN_INFINITE_RECURSION = YES;
				CLANG_WARN_INT_CONVERSION = YES;
				CLANG_WARN_NON_LITERAL_NULL_CONVERSION = YES;
				CLANG_WARN_OBJC_IMPLICIT_RETAIN_SELF = YES;
				CLANG_WARN_OBJC_LITERAL_CONVERSION = YES;
				CLANG_WARN_OBJC_ROOT_CLASS = YES_ERROR;
				CLANG_WARN_QUOTED_INCLUDE_IN_FRAMEWORK_HEADER = YES;
				CLANG_WARN_RANGE_LOOP_ANALYSIS = YES;
				CLANG_WARN_STRICT_PROTOTYPES = YES;
				CLANG_WARN_SUSPICIOUS_MOVE = YES;
				CLANG_WARN_UNGUARDED_AVAILABILITY = YES_AGGRESSIVE;
				CLANG_WARN_UNREACHABLE_CODE = YES;
				CLANG_WARN__DUPLICATE_METHOD_MATCH = YES;
				COPY_PHASE_STRIP = NO;
				DEBUG_INFORMATION_FORMAT = dwarf;
				ENABLE_STRICT_OBJC_MSGSEND = YES;
				ENABLE_TESTABILITY = YES;
				GCC_C_LANGUAGE_STANDARD = gnu11;
				GCC_DYNAMIC_NO_PIC = NO;
				GCC_NO_COMMON_BLOCKS = YES;
				GCC_OPTIMIZATION_LEVEL = 0;
				GCC_PREPROCESSOR_DEFINITIONS = (
					"DEBUG=1",
					"$(inherited)",
				);
				GCC_WARN_64_TO_32_BIT_CONVERSION = YES;
				GCC_WARN_ABOUT_RETURN_TYPE = YES_ERROR;
				GCC_WARN_UNDECLARED_SELECTOR = YES;
				GCC_WARN_UNINITIALIZED_AUTOS = YES_AGGRESSIVE;
				GCC_WARN_UNUSED_FUNCTION = YES;
				GCC_WARN_UNUSED_VARIABLE = YES;
				IPHONEOS_DEPLOYMENT_TARGET = 16.4;
				MTL_ENABLE_DEBUG_INFO = INCLUDE_SOURCE;
				MTL_FAST_MATH = YES;
				ONLY_ACTIVE_ARCH = YES;
				SDKROOT = iphoneos;
				SWIFT_ACTIVE_COMPILATION_CONDITIONS = DEBUG;
				SWIFT_OPTIMIZATION_LEVEL = "-Onone";
			};
			name = Debug;
		};
		8813C5342A2677880009F5A7 /* Release */ = {
			isa = XCBuildConfiguration;
			buildSettings = {
				ALWAYS_SEARCH_USER_PATHS = NO;
				CLANG_ANALYZER_NONNULL = YES;
				CLANG_ANALYZER_NUMBER_OBJECT_CONVERSION = YES_AGGRESSIVE;
				CLANG_CXX_LANGUAGE_STANDARD = "gnu++20";
				CLANG_ENABLE_MODULES = YES;
				CLANG_ENABLE_OBJC_ARC = YES;
				CLANG_ENABLE_OBJC_WEAK = YES;
				CLANG_WARN_BLOCK_CAPTURE_AUTORELEASING = YES;
				CLANG_WARN_BOOL_CONVERSION = YES;
				CLANG_WARN_COMMA = YES;
				CLANG_WARN_CONSTANT_CONVERSION = YES;
				CLANG_WARN_DEPRECATED_OBJC_IMPLEMENTATIONS = YES;
				CLANG_WARN_DIRECT_OBJC_ISA_USAGE = YES_ERROR;
				CLANG_WARN_DOCUMENTATION_COMMENTS = YES;
				CLANG_WARN_EMPTY_BODY = YES;
				CLANG_WARN_ENUM_CONVERSION = YES;
				CLANG_WARN_INFINITE_RECURSION = YES;
				CLANG_WARN_INT_CONVERSION = YES;
				CLANG_WARN_NON_LITERAL_NULL_CONVERSION = YES;
				CLANG_WARN_OBJC_IMPLICIT_RETAIN_SELF = YES;
				CLANG_WARN_OBJC_LITERAL_CONVERSION = YES;
				CLANG_WARN_OBJC_ROOT_CLASS = YES_ERROR;
				CLANG_WARN_QUOTED_INCLUDE_IN_FRAMEWORK_HEADER = YES;
				CLANG_WARN_RANGE_LOOP_ANALYSIS = YES;
				CLANG_WARN_STRICT_PROTOTYPES = YES;
				CLANG_WARN_SUSPICIOUS_MOVE = YES;
				CLANG_WARN_UNGUARDED_AVAILABILITY = YES_AGGRESSIVE;
				CLANG_WARN_UNREACHABLE_CODE = YES;
				CLANG_WARN__DUPLICATE_METHOD_MATCH = YES;
				COPY_PHASE_STRIP = NO;
				DEBUG_INFORMATION_FORMAT = "dwarf-with-dsym";
				ENABLE_NS_ASSERTIONS = NO;
				ENABLE_STRICT_OBJC_MSGSEND = YES;
				GCC_C_LANGUAGE_STANDARD = gnu11;
				GCC_NO_COMMON_BLOCKS = YES;
				GCC_WARN_64_TO_32_BIT_CONVERSION = YES;
				GCC_WARN_ABOUT_RETURN_TYPE = YES_ERROR;
				GCC_WARN_UNDECLARED_SELECTOR = YES;
				GCC_WARN_UNINITIALIZED_AUTOS = YES_AGGRESSIVE;
				GCC_WARN_UNUSED_FUNCTION = YES;
				GCC_WARN_UNUSED_VARIABLE = YES;
				IPHONEOS_DEPLOYMENT_TARGET = 16.4;
				MTL_ENABLE_DEBUG_INFO = NO;
				MTL_FAST_MATH = YES;
				SDKROOT = iphoneos;
				SWIFT_COMPILATION_MODE = wholemodule;
				SWIFT_OPTIMIZATION_LEVEL = "-O";
				VALIDATE_PRODUCT = YES;
			};
			name = Release;
		};
		8813C5362A2677880009F5A7 /* Debug */ = {
			isa = XCBuildConfiguration;
			buildSettings = {
				ASSETCATALOG_COMPILER_APPICON_NAME = AppIcon;
				ASSETCATALOG_COMPILER_GLOBAL_ACCENT_COLOR_NAME = AccentColor;
				CODE_SIGN_STYLE = Automatic;
				CURRENT_PROJECT_VERSION = 1;
				DEVELOPMENT_ASSET_PATHS = "\"ToDoList/Preview Content\"";
				DEVELOPMENT_TEAM = 2RB6Z32558;
				ENABLE_PREVIEWS = YES;
				GENERATE_INFOPLIST_FILE = YES;
				INFOPLIST_KEY_CFBundleDisplayName = "To Do List";
				INFOPLIST_KEY_UIApplicationSceneManifest_Generation = YES;
				INFOPLIST_KEY_UIApplicationSupportsIndirectInputEvents = YES;
				INFOPLIST_KEY_UILaunchScreen_Generation = YES;
				INFOPLIST_KEY_UISupportedInterfaceOrientations = UIInterfaceOrientationPortrait;
				LD_RUNPATH_SEARCH_PATHS = (
					"$(inherited)",
					"@executable_path/Frameworks",
				);
				MARKETING_VERSION = 1.0;
				PRODUCT_BUNDLE_IDENTIFIER = staki.com.br.ToDoList;
				PRODUCT_NAME = "$(TARGET_NAME)";
				SWIFT_EMIT_LOC_STRINGS = YES;
				SWIFT_VERSION = 5.0;
				TARGETED_DEVICE_FAMILY = "1,2";
			};
			name = Debug;
		};
		8813C5372A2677880009F5A7 /* Release */ = {
			isa = XCBuildConfiguration;
			buildSettings = {
				ASSETCATALOG_COMPILER_APPICON_NAME = AppIcon;
				ASSETCATALOG_COMPILER_GLOBAL_ACCENT_COLOR_NAME = AccentColor;
				CODE_SIGN_STYLE = Automatic;
				CURRENT_PROJECT_VERSION = 1;
				DEVELOPMENT_ASSET_PATHS = "\"ToDoList/Preview Content\"";
				DEVELOPMENT_TEAM = 2RB6Z32558;
				ENABLE_PREVIEWS = YES;
				GENERATE_INFOPLIST_FILE = YES;
				INFOPLIST_KEY_CFBundleDisplayName = "To Do List";
				INFOPLIST_KEY_UIApplicationSceneManifest_Generation = YES;
				INFOPLIST_KEY_UIApplicationSupportsIndirectInputEvents = YES;
				INFOPLIST_KEY_UILaunchScreen_Generation = YES;
				INFOPLIST_KEY_UISupportedInterfaceOrientations = UIInterfaceOrientationPortrait;
				LD_RUNPATH_SEARCH_PATHS = (
					"$(inherited)",
					"@executable_path/Frameworks",
				);
				MARKETING_VERSION = 1.0;
				PRODUCT_BUNDLE_IDENTIFIER = staki.com.br.ToDoList;
				PRODUCT_NAME = "$(TARGET_NAME)";
				SWIFT_EMIT_LOC_STRINGS = YES;
				SWIFT_VERSION = 5.0;
				TARGETED_DEVICE_FAMILY = "1,2";
			};
			name = Release;
		};
/* End XCBuildConfiguration section */

/* Begin XCConfigurationList section */
		8813C5222A2677860009F5A7 /* Build configuration list for PBXProject "ToDoList" */ = {
			isa = XCConfigurationList;
			buildConfigurations = (
				8813C5332A2677880009F5A7 /* Debug */,
				8813C5342A2677880009F5A7 /* Release */,
			);
			defaultConfigurationIsVisible = 0;
			defaultConfigurationName = Release;
		};
		8813C5352A2677880009F5A7 /* Build configuration list for PBXNativeTarget "ToDoList" */ = {
			isa = XCConfigurationList;
			buildConfigurations = (
				8813C5362A2677880009F5A7 /* Debug */,
				8813C5372A2677880009F5A7 /* Release */,
			);
			defaultConfigurationIsVisible = 0;
			defaultConfigurationName = Release;
		};
/* End XCConfigurationList section */

/* Begin XCRemoteSwiftPackageReference section */
		8813C5382A267AF40009F5A7 /* XCRemoteSwiftPackageReference "firebase-ios-sdk" */ = {
			isa = XCRemoteSwiftPackageReference;
			repositoryURL = "https://github.com/firebase/firebase-ios-sdk";
			requirement = {
				kind = upToNextMajorVersion;
				minimumVersion = 10.0.0;
			};
		};
/* End XCRemoteSwiftPackageReference section */

/* Begin XCSwiftPackageProductDependency section */
		8813C5392A267AF50009F5A7 /* FirebaseAuth */ = {
			isa = XCSwiftPackageProductDependency;
			package = 8813C5382A267AF40009F5A7 /* XCRemoteSwiftPackageReference "firebase-ios-sdk" */;
			productName = FirebaseAuth;
		};
		8813C53B2A267AF50009F5A7 /* FirebaseFirestore */ = {
			isa = XCSwiftPackageProductDependency;
			package = 8813C5382A267AF40009F5A7 /* XCRemoteSwiftPackageReference "firebase-ios-sdk" */;
			productName = FirebaseFirestore;
		};
		8813C53D2A267AF50009F5A7 /* FirebaseFirestoreSwift */ = {
			isa = XCSwiftPackageProductDependency;
			package = 8813C5382A267AF40009F5A7 /* XCRemoteSwiftPackageReference "firebase-ios-sdk" */;
			productName = FirebaseFirestoreSwift;
		};
/* End XCSwiftPackageProductDependency section */
	};
	rootObject = 8813C51F2A2677860009F5A7 /* Project object */;
}
